
Microsoft Visual Studio Solution File, Format Version 12.00
# Visual Studio Version 16
VisualStudioVersion = 25.0.1704.0
MinimumVisualStudioVersion = 10.0.40219.1
Project("{FAE04EC0-301F-11D3-BF4B-00C04F79EFBC}") = "API", "API\API.csproj", "{CFFE274A-0ED9-46D1-9382-5C72E30F3C87}"
EndProject
Project("{FAE04EC0-301F-11D3-BF4B-00C04F79EFBC}") = "Application", "Application\Application.csproj", "{ABE9D662-BE21-4270-A39E-D8990D2A3E7B}"
EndProject
Project("{FAE04EC0-301F-11D3-BF4B-00C04F79EFBC}") = "Domain", "Domain\Domain.csproj", "{EC523270-689F-4500-AFBF-CC7B65467DC4}"
EndProject
Project("{FAE04EC0-301F-11D3-BF4B-00C04F79EFBC}") = "Persistence", "Persistence\Persistence.csproj", "{97F9E1A5-7C96-4D7F-AE8C-E8DF21EEC5F7}"
EndProject
Global
	GlobalSection(SolutionConfigurationPlatforms) = preSolution
		Debug|Any CPU = Debug|Any CPU
		Release|Any CPU = Release|Any CPU
	EndGlobalSection
	GlobalSection(ProjectConfigurationPlatforms) = postSolution
		{CFFE274A-0ED9-46D1-9382-5C72E30F3C87}.Debug|Any CPU.ActiveCfg = Debug|Any CPU
		{CFFE274A-0ED9-46D1-9382-5C72E30F3C87}.Debug|Any CPU.Build.0 = Debug|Any CPU
		{CFFE274A-0ED9-46D1-9382-5C72E30F3C87}.Release|Any CPU.ActiveCfg = Release|Any CPU
		{CFFE274A-0ED9-46D1-9382-5C72E30F3C87}.Release|Any CPU.Build.0 = Release|Any CPU
		{ABE9D662-BE21-4270-A39E-D8990D2A3E7B}.Debug|Any CPU.ActiveCfg = Debug|Any CPU
		{ABE9D662-BE21-4270-A39E-D8990D2A3E7B}.Debug|Any CPU.Build.0 = Debug|Any CPU
		{ABE9D662-BE21-4270-A39E-D8990D2A3E7B}.Release|Any CPU.ActiveCfg = Release|Any CPU
		{ABE9D662-BE21-4270-A39E-D8990D2A3E7B}.Release|Any CPU.Build.0 = Release|Any CPU
		{EC523270-689F-4500-AFBF-CC7B65467DC4}.Debug|Any CPU.ActiveCfg = Debug|Any CPU
		{EC523270-689F-4500-AFBF-CC7B65467DC4}.Debug|Any CPU.Build.0 = Debug|Any CPU
		{EC523270-689F-4500-AFBF-CC7B65467DC4}.Release|Any CPU.ActiveCfg = Release|Any CPU
		{EC523270-689F-4500-AFBF-CC7B65467DC4}.Release|Any CPU.Build.0 = Release|Any CPU
		{97F9E1A5-7C96-4D7F-AE8C-E8DF21EEC5F7}.Debug|Any CPU.ActiveCfg = Debug|Any CPU
		{97F9E1A5-7C96-4D7F-AE8C-E8DF21EEC5F7}.Debug|Any CPU.Build.0 = Debug|Any CPU
		{97F9E1A5-7C96-4D7F-AE8C-E8DF21EEC5F7}.Release|Any CPU.ActiveCfg = Release|Any CPU
		{97F9E1A5-7C96-4D7F-AE8C-E8DF21EEC5F7}.Release|Any CPU.Build.0 = Release|Any CPU
	EndGlobalSection
	GlobalSection(SolutionProperties) = preSolution
		HideSolutionNode = FALSE
	EndGlobalSection
	GlobalSection(ExtensibilityGlobals) = postSolution
		SolutionGuid = {D25B4D08-670D-4941-BB8B-480E818A6575}
	EndGlobalSection
EndGlobal
